
Microsoft Visual Studio Solution File, Format Version 12.00
# Visual Studio Version 17
VisualStudioVersion = 17.0.31903.59
MinimumVisualStudioVersion = 10.0.40219.1
Project("{FAE04EC0-301F-11D3-BF4B-00C04F79EFBC}") = "v1", "v1\v1.csproj", "{3A7AB344-8BAD-4FC9-AB8C-901A88C9DF4B}"
EndProject
Project("{FAE04EC0-301F-11D3-BF4B-00C04F79EFBC}") = "v2", "v2\v2.csproj", "{3E7FAE47-A69F-4793-BB82-88E02E83C0AE}"
EndProject
Project("{FAE04EC0-301F-11D3-BF4B-00C04F79EFBC}") = "v3", "v3\v3.csproj", "{F4EAA97E-CB14-45C7-A91A-3F6BEEB8FB46}"
EndProject
Project("{FAE04EC0-301F-11D3-BF4B-00C04F79EFBC}") = "v4", "v4\v4.csproj", "{C225884C-F061-4A66-A80D-2B76DF94BAA7}"
EndProject
Global
	GlobalSection(SolutionConfigurationPlatforms) = preSolution
		Debug|Any CPU = Debug|Any CPU
		Release|Any CPU = Release|Any CPU
	EndGlobalSection
	GlobalSection(SolutionProperties) = preSolution
		HideSolutionNode = FALSE
	EndGlobalSection
	GlobalSection(ProjectConfigurationPlatforms) = postSolution
		{3A7AB344-8BAD-4FC9-AB8C-901A88C9DF4B}.Debug|Any CPU.ActiveCfg = Debug|Any CPU
		{3A7AB344-8BAD-4FC9-AB8C-901A88C9DF4B}.Debug|Any CPU.Build.0 = Debug|Any CPU
		{3A7AB344-8BAD-4FC9-AB8C-901A88C9DF4B}.Release|Any CPU.ActiveCfg = Release|Any CPU
		{3A7AB344-8BAD-4FC9-AB8C-901A88C9DF4B}.Release|Any CPU.Build.0 = Release|Any CPU
		{3E7FAE47-A69F-4793-BB82-88E02E83C0AE}.Debug|Any CPU.ActiveCfg = Debug|Any CPU
		{3E7FAE47-A69F-4793-BB82-88E02E83C0AE}.Debug|Any CPU.Build.0 = Debug|Any CPU
		{3E7FAE47-A69F-4793-BB82-88E02E83C0AE}.Release|Any CPU.ActiveCfg = Release|Any CPU
		{3E7FAE47-A69F-4793-BB82-88E02E83C0AE}.Release|Any CPU.Build.0 = Release|Any CPU
		{F4EAA97E-CB14-45C7-A91A-3F6BEEB8FB46}.Debug|Any CPU.ActiveCfg = Debug|Any CPU
		{F4EAA97E-CB14-45C7-A91A-3F6BEEB8FB46}.Debug|Any CPU.Build.0 = Debug|Any CPU
		{F4EAA97E-CB14-45C7-A91A-3F6BEEB8FB46}.Release|Any CPU.ActiveCfg = Release|Any CPU
		{F4EAA97E-CB14-45C7-A91A-3F6BEEB8FB46}.Release|Any CPU.Build.0 = Release|Any CPU
		{C225884C-F061-4A66-A80D-2B76DF94BAA7}.Debug|Any CPU.ActiveCfg = Debug|Any CPU
		{C225884C-F061-4A66-A80D-2B76DF94BAA7}.Debug|Any CPU.Build.0 = Debug|Any CPU
		{C225884C-F061-4A66-A80D-2B76DF94BAA7}.Release|Any CPU.ActiveCfg = Release|Any CPU
		{C225884C-F061-4A66-A80D-2B76DF94BAA7}.Release|Any CPU.Build.0 = Release|Any CPU
	EndGlobalSection
EndGlobal
