
Microsoft Visual Studio Solution File, Format Version 12.00
# Visual Studio Version 17
VisualStudioVersion = 17.0.31903.59
MinimumVisualStudioVersion = 10.0.40219.1
Project("{FAE04EC0-301F-11D3-BF4B-00C04F79EFBC}") = "v1", "v1\v1.csproj", "{A4523353-7B71-480C-B183-5BB89D3D7FB3}"
EndProject
Project("{FAE04EC0-301F-11D3-BF4B-00C04F79EFBC}") = "v2", "v2\v2.csproj", "{90B9A7C6-2A68-4985-BBA4-30669B1A3601}"
EndProject
Global
	GlobalSection(SolutionConfigurationPlatforms) = preSolution
		Debug|Any CPU = Debug|Any CPU
		Release|Any CPU = Release|Any CPU
	EndGlobalSection
	GlobalSection(SolutionProperties) = preSolution
		HideSolutionNode = FALSE
	EndGlobalSection
	GlobalSection(ProjectConfigurationPlatforms) = postSolution
		{A4523353-7B71-480C-B183-5BB89D3D7FB3}.Debug|Any CPU.ActiveCfg = Debug|Any CPU
		{A4523353-7B71-480C-B183-5BB89D3D7FB3}.Debug|Any CPU.Build.0 = Debug|Any CPU
		{A4523353-7B71-480C-B183-5BB89D3D7FB3}.Release|Any CPU.ActiveCfg = Release|Any CPU
		{A4523353-7B71-480C-B183-5BB89D3D7FB3}.Release|Any CPU.Build.0 = Release|Any CPU
		{90B9A7C6-2A68-4985-BBA4-30669B1A3601}.Debug|Any CPU.ActiveCfg = Debug|Any CPU
		{90B9A7C6-2A68-4985-BBA4-30669B1A3601}.Debug|Any CPU.Build.0 = Debug|Any CPU
		{90B9A7C6-2A68-4985-BBA4-30669B1A3601}.Release|Any CPU.ActiveCfg = Release|Any CPU
		{90B9A7C6-2A68-4985-BBA4-30669B1A3601}.Release|Any CPU.Build.0 = Release|Any CPU
	EndGlobalSection
EndGlobal
